// !$*UTF8*$!
{
	archiveVersion = 1;
	classes = {
	};
	objectVersion = 50;
	objects = {

/* Begin PBXBuildFile section */
		1638BD6127441EBC00638D52 /* GameDetailCoordinator.swift in Sources */ = {isa = PBXBuildFile; fileRef = 1638BD6027441EBC00638D52 /* GameDetailCoordinator.swift */; };
		1638BD672744203500638D52 /* GameDetailViewController.swift in Sources */ = {isa = PBXBuildFile; fileRef = 1638BD662744203500638D52 /* GameDetailViewController.swift */; };
		1638BD6C2744207100638D52 /* GameDetailViewModel.swift in Sources */ = {isa = PBXBuildFile; fileRef = 1638BD6B2744207100638D52 /* GameDetailViewModel.swift */; };
		1638BD722744286400638D52 /* CandiScreenTransitioner.swift in Sources */ = {isa = PBXBuildFile; fileRef = 1638BD712744286400638D52 /* CandiScreenTransitioner.swift */; };
		1638BD7B2745153400638D52 /* CellAnimationInfo.swift in Sources */ = {isa = PBXBuildFile; fileRef = 1638BD7A2745153400638D52 /* CellAnimationInfo.swift */; };
		1638BD88274672DD00638D52 /* AnimatedCollectionView.swift in Sources */ = {isa = PBXBuildFile; fileRef = 1638BD87274672DD00638D52 /* AnimatedCollectionView.swift */; };
		1638BDA32746D76C00638D52 /* GamePlayerViewController.swift in Sources */ = {isa = PBXBuildFile; fileRef = 1638BDA22746D76C00638D52 /* GamePlayerViewController.swift */; };
		1638BDA82746D7BE00638D52 /* GamePlayerViewModel.swift in Sources */ = {isa = PBXBuildFile; fileRef = 1638BDA72746D7BE00638D52 /* GamePlayerViewModel.swift */; };
		1638BDAD2746D8BB00638D52 /* GamePlayerCoordinator.swift in Sources */ = {isa = PBXBuildFile; fileRef = 1638BDAC2746D8BB00638D52 /* GamePlayerCoordinator.swift */; };
		1638BDB22746E1BC00638D52 /* PlayerView.swift in Sources */ = {isa = PBXBuildFile; fileRef = 1638BDB12746E1BC00638D52 /* PlayerView.swift */; };
		16F701A9274284E100988CAD /* AppDelegate.swift in Sources */ = {isa = PBXBuildFile; fileRef = 16F701A8274284E100988CAD /* AppDelegate.swift */; };
		16F701AB274284E100988CAD /* SceneDelegate.swift in Sources */ = {isa = PBXBuildFile; fileRef = 16F701AA274284E100988CAD /* SceneDelegate.swift */; };
		16F701AD274284E100988CAD /* HomeViewController.swift in Sources */ = {isa = PBXBuildFile; fileRef = 16F701AC274284E100988CAD /* HomeViewController.swift */; };
		16F701B0274284E100988CAD /* Main.storyboard in Resources */ = {isa = PBXBuildFile; fileRef = 16F701AE274284E100988CAD /* Main.storyboard */; };
		16F701B3274284E100988CAD /* CandiBustApp.xcdatamodeld in Sources */ = {isa = PBXBuildFile; fileRef = 16F701B1274284E100988CAD /* CandiBustApp.xcdatamodeld */; };
		16F701B5274284E200988CAD /* Assets.xcassets in Resources */ = {isa = PBXBuildFile; fileRef = 16F701B4274284E200988CAD /* Assets.xcassets */; };
		16F701B8274284E200988CAD /* LaunchScreen.storyboard in Resources */ = {isa = PBXBuildFile; fileRef = 16F701B6274284E200988CAD /* LaunchScreen.storyboard */; };
		16F701C3274284E200988CAD /* CandiBustAppTests.swift in Sources */ = {isa = PBXBuildFile; fileRef = 16F701C2274284E200988CAD /* CandiBustAppTests.swift */; };
		16F701CE274284E200988CAD /* CandiBustAppUITests.swift in Sources */ = {isa = PBXBuildFile; fileRef = 16F701CD274284E200988CAD /* CandiBustAppUITests.swift */; };
		16F701E0274285D200988CAD /* AppCoodinator.swift in Sources */ = {isa = PBXBuildFile; fileRef = 16F701DF274285D200988CAD /* AppCoodinator.swift */; };
		16F701E5274285E100988CAD /* Coordinator.swift in Sources */ = {isa = PBXBuildFile; fileRef = 16F701E4274285E100988CAD /* Coordinator.swift */; };
		16F701ED2742894A00988CAD /* HomeCoordinator.swift in Sources */ = {isa = PBXBuildFile; fileRef = 16F701EC2742894A00988CAD /* HomeCoordinator.swift */; };
		16F701F327428B3F00988CAD /* HomeViewModel.swift in Sources */ = {isa = PBXBuildFile; fileRef = 16F701F227428B3F00988CAD /* HomeViewModel.swift */; };
		16F701FC2742925500988CAD /* UIView+Anchor.swift in Sources */ = {isa = PBXBuildFile; fileRef = 16F701FB2742925500988CAD /* UIView+Anchor.swift */; };
		16F702052742C3E400988CAD /* GameCell.swift in Sources */ = {isa = PBXBuildFile; fileRef = 16F702042742C3E400988CAD /* GameCell.swift */; };
		16F7020D2742C43100988CAD /* GameCellViewModel.swift in Sources */ = {isa = PBXBuildFile; fileRef = 16F7020C2742C43100988CAD /* GameCellViewModel.swift */; };
		16F702122742D9BA00988CAD /* IconView.swift in Sources */ = {isa = PBXBuildFile; fileRef = 16F702112742D9BA00988CAD /* IconView.swift */; };
		16F702172742DC0400988CAD /* ProgressBarButton.swift in Sources */ = {isa = PBXBuildFile; fileRef = 16F702162742DC0400988CAD /* ProgressBarButton.swift */; };
/* End PBXBuildFile section */

/* Begin PBXContainerItemProxy section */
		16F701BF274284E200988CAD /* PBXContainerItemProxy */ = {
			isa = PBXContainerItemProxy;
			containerPortal = 16F7019D274284E100988CAD /* Project object */;
			proxyType = 1;
			remoteGlobalIDString = 16F701A4274284E100988CAD;
			remoteInfo = CandiBustApp;
		};
		16F701CA274284E200988CAD /* PBXContainerItemProxy */ = {
			isa = PBXContainerItemProxy;
			containerPortal = 16F7019D274284E100988CAD /* Project object */;
			proxyType = 1;
			remoteGlobalIDString = 16F701A4274284E100988CAD;
			remoteInfo = CandiBustApp;
		};
/* End PBXContainerItemProxy section */

/* Begin PBXFileReference section */
		1638BD6027441EBC00638D52 /* GameDetailCoordinator.swift */ = {isa = PBXFileReference; lastKnownFileType = sourcecode.swift; path = GameDetailCoordinator.swift; sourceTree = "<group>"; };
		1638BD662744203500638D52 /* GameDetailViewController.swift */ = {isa = PBXFileReference; lastKnownFileType = sourcecode.swift; path = GameDetailViewController.swift; sourceTree = "<group>"; };
		1638BD6B2744207100638D52 /* GameDetailViewModel.swift */ = {isa = PBXFileReference; lastKnownFileType = sourcecode.swift; path = GameDetailViewModel.swift; sourceTree = "<group>"; };
		1638BD712744286400638D52 /* CandiScreenTransitioner.swift */ = {isa = PBXFileReference; fileEncoding = 4; lastKnownFileType = sourcecode.swift; path = CandiScreenTransitioner.swift; sourceTree = "<group>"; };
		1638BD7A2745153400638D52 /* CellAnimationInfo.swift */ = {isa = PBXFileReference; lastKnownFileType = sourcecode.swift; path = CellAnimationInfo.swift; sourceTree = "<group>"; };
		1638BD87274672DD00638D52 /* AnimatedCollectionView.swift */ = {isa = PBXFileReference; lastKnownFileType = sourcecode.swift; path = AnimatedCollectionView.swift; sourceTree = "<group>"; };
		1638BDA22746D76C00638D52 /* GamePlayerViewController.swift */ = {isa = PBXFileReference; lastKnownFileType = sourcecode.swift; path = GamePlayerViewController.swift; sourceTree = "<group>"; };
		1638BDA72746D7BE00638D52 /* GamePlayerViewModel.swift */ = {isa = PBXFileReference; lastKnownFileType = sourcecode.swift; path = GamePlayerViewModel.swift; sourceTree = "<group>"; };
		1638BDAC2746D8BB00638D52 /* GamePlayerCoordinator.swift */ = {isa = PBXFileReference; lastKnownFileType = sourcecode.swift; path = GamePlayerCoordinator.swift; sourceTree = "<group>"; };
		1638BDB12746E1BC00638D52 /* PlayerView.swift */ = {isa = PBXFileReference; lastKnownFileType = sourcecode.swift; path = PlayerView.swift; sourceTree = "<group>"; };
		16F701A5274284E100988CAD /* CandiBustApp.app */ = {isa = PBXFileReference; explicitFileType = wrapper.application; includeInIndex = 0; path = CandiBustApp.app; sourceTree = BUILT_PRODUCTS_DIR; };
		16F701A8274284E100988CAD /* AppDelegate.swift */ = {isa = PBXFileReference; lastKnownFileType = sourcecode.swift; path = AppDelegate.swift; sourceTree = "<group>"; };
		16F701AA274284E100988CAD /* SceneDelegate.swift */ = {isa = PBXFileReference; lastKnownFileType = sourcecode.swift; path = SceneDelegate.swift; sourceTree = "<group>"; };
		16F701AC274284E100988CAD /* HomeViewController.swift */ = {isa = PBXFileReference; lastKnownFileType = sourcecode.swift; path = HomeViewController.swift; sourceTree = "<group>"; };
		16F701AF274284E100988CAD /* Base */ = {isa = PBXFileReference; lastKnownFileType = file.storyboard; name = Base; path = Base.lproj/Main.storyboard; sourceTree = "<group>"; };
		16F701B2274284E100988CAD /* CandiBustApp.xcdatamodel */ = {isa = PBXFileReference; lastKnownFileType = wrapper.xcdatamodel; path = CandiBustApp.xcdatamodel; sourceTree = "<group>"; };
		16F701B4274284E200988CAD /* Assets.xcassets */ = {isa = PBXFileReference; lastKnownFileType = folder.assetcatalog; path = Assets.xcassets; sourceTree = "<group>"; };
		16F701B7274284E200988CAD /* Base */ = {isa = PBXFileReference; lastKnownFileType = file.storyboard; name = Base; path = Base.lproj/LaunchScreen.storyboard; sourceTree = "<group>"; };
		16F701B9274284E200988CAD /* Info.plist */ = {isa = PBXFileReference; lastKnownFileType = text.plist.xml; path = Info.plist; sourceTree = "<group>"; };
		16F701BE274284E200988CAD /* CandiBustAppTests.xctest */ = {isa = PBXFileReference; explicitFileType = wrapper.cfbundle; includeInIndex = 0; path = CandiBustAppTests.xctest; sourceTree = BUILT_PRODUCTS_DIR; };
		16F701C2274284E200988CAD /* CandiBustAppTests.swift */ = {isa = PBXFileReference; lastKnownFileType = sourcecode.swift; path = CandiBustAppTests.swift; sourceTree = "<group>"; };
		16F701C4274284E200988CAD /* Info.plist */ = {isa = PBXFileReference; lastKnownFileType = text.plist.xml; path = Info.plist; sourceTree = "<group>"; };
		16F701C9274284E200988CAD /* CandiBustAppUITests.xctest */ = {isa = PBXFileReference; explicitFileType = wrapper.cfbundle; includeInIndex = 0; path = CandiBustAppUITests.xctest; sourceTree = BUILT_PRODUCTS_DIR; };
		16F701CD274284E200988CAD /* CandiBustAppUITests.swift */ = {isa = PBXFileReference; lastKnownFileType = sourcecode.swift; path = CandiBustAppUITests.swift; sourceTree = "<group>"; };
		16F701CF274284E200988CAD /* Info.plist */ = {isa = PBXFileReference; lastKnownFileType = text.plist.xml; path = Info.plist; sourceTree = "<group>"; };
		16F701DF274285D200988CAD /* AppCoodinator.swift */ = {isa = PBXFileReference; fileEncoding = 4; lastKnownFileType = sourcecode.swift; path = AppCoodinator.swift; sourceTree = "<group>"; };
		16F701E4274285E100988CAD /* Coordinator.swift */ = {isa = PBXFileReference; fileEncoding = 4; lastKnownFileType = sourcecode.swift; path = Coordinator.swift; sourceTree = "<group>"; };
		16F701EC2742894A00988CAD /* HomeCoordinator.swift */ = {isa = PBXFileReference; lastKnownFileType = sourcecode.swift; path = HomeCoordinator.swift; sourceTree = "<group>"; };
		16F701F227428B3F00988CAD /* HomeViewModel.swift */ = {isa = PBXFileReference; lastKnownFileType = sourcecode.swift; path = HomeViewModel.swift; sourceTree = "<group>"; };
		16F701FB2742925500988CAD /* UIView+Anchor.swift */ = {isa = PBXFileReference; lastKnownFileType = sourcecode.swift; path = "UIView+Anchor.swift"; sourceTree = "<group>"; };
		16F702042742C3E400988CAD /* GameCell.swift */ = {isa = PBXFileReference; lastKnownFileType = sourcecode.swift; path = GameCell.swift; sourceTree = "<group>"; };
		16F7020C2742C43100988CAD /* GameCellViewModel.swift */ = {isa = PBXFileReference; lastKnownFileType = sourcecode.swift; path = GameCellViewModel.swift; sourceTree = "<group>"; };
		16F702112742D9BA00988CAD /* IconView.swift */ = {isa = PBXFileReference; lastKnownFileType = sourcecode.swift; path = IconView.swift; sourceTree = "<group>"; };
		16F702162742DC0400988CAD /* ProgressBarButton.swift */ = {isa = PBXFileReference; lastKnownFileType = sourcecode.swift; path = ProgressBarButton.swift; sourceTree = "<group>"; };
/* End PBXFileReference section */

/* Begin PBXFrameworksBuildPhase section */
		16F701A2274284E100988CAD /* Frameworks */ = {
			isa = PBXFrameworksBuildPhase;
			buildActionMask = 2147483647;
			files = (
			);
			runOnlyForDeploymentPostprocessing = 0;
		};
		16F701BB274284E200988CAD /* Frameworks */ = {
			isa = PBXFrameworksBuildPhase;
			buildActionMask = 2147483647;
			files = (
			);
			runOnlyForDeploymentPostprocessing = 0;
		};
		16F701C6274284E200988CAD /* Frameworks */ = {
			isa = PBXFrameworksBuildPhase;
			buildActionMask = 2147483647;
			files = (
			);
			runOnlyForDeploymentPostprocessing = 0;
		};
/* End PBXFrameworksBuildPhase section */

/* Begin PBXGroup section */
		1638BD6527441FFA00638D52 /* View Controllers */ = {
			isa = PBXGroup;
			children = (
				16F701AC274284E100988CAD /* HomeViewController.swift */,
				1638BD662744203500638D52 /* GameDetailViewController.swift */,
				1638BDA22746D76C00638D52 /* GamePlayerViewController.swift */,
			);
			path = "View Controllers";
			sourceTree = "<group>";
		};
		1638BD792745150E00638D52 /* Model */ = {
			isa = PBXGroup;
			children = (
				1638BD7A2745153400638D52 /* CellAnimationInfo.swift */,
			);
			path = Model;
			sourceTree = "<group>";
		};
		16F7019C274284E100988CAD = {
			isa = PBXGroup;
			children = (
				16F701A7274284E100988CAD /* CandiBustApp */,
				16F701C1274284E200988CAD /* CandiBustAppTests */,
				16F701CC274284E200988CAD /* CandiBustAppUITests */,
				16F701A6274284E100988CAD /* Products */,
			);
			sourceTree = "<group>";
		};
		16F701A6274284E100988CAD /* Products */ = {
			isa = PBXGroup;
			children = (
				16F701A5274284E100988CAD /* CandiBustApp.app */,
				16F701BE274284E200988CAD /* CandiBustAppTests.xctest */,
				16F701C9274284E200988CAD /* CandiBustAppUITests.xctest */,
			);
			name = Products;
			sourceTree = "<group>";
		};
		16F701A7274284E100988CAD /* CandiBustApp */ = {
			isa = PBXGroup;
			children = (
				1638BD792745150E00638D52 /* Model */,
				1638BD6527441FFA00638D52 /* View Controllers */,
				16F702032742C3BE00988CAD /* Views */,
				16F701FA2742924300988CAD /* Utils */,
				16F701F127428B2B00988CAD /* ViewModels */,
				16F701DE274285A700988CAD /* Coordinator */,
				16F701A8274284E100988CAD /* AppDelegate.swift */,
				16F701AA274284E100988CAD /* SceneDelegate.swift */,
				16F701AE274284E100988CAD /* Main.storyboard */,
				16F701B4274284E200988CAD /* Assets.xcassets */,
				16F701B6274284E200988CAD /* LaunchScreen.storyboard */,
				16F701B9274284E200988CAD /* Info.plist */,
				16F701B1274284E100988CAD /* CandiBustApp.xcdatamodeld */,
			);
			path = CandiBustApp;
			sourceTree = "<group>";
		};
		16F701C1274284E200988CAD /* CandiBustAppTests */ = {
			isa = PBXGroup;
			children = (
				16F701C2274284E200988CAD /* CandiBustAppTests.swift */,
				16F701C4274284E200988CAD /* Info.plist */,
			);
			path = CandiBustAppTests;
			sourceTree = "<group>";
		};
		16F701CC274284E200988CAD /* CandiBustAppUITests */ = {
			isa = PBXGroup;
			children = (
				16F701CD274284E200988CAD /* CandiBustAppUITests.swift */,
				16F701CF274284E200988CAD /* Info.plist */,
			);
			path = CandiBustAppUITests;
			sourceTree = "<group>";
		};
		16F701DE274285A700988CAD /* Coordinator */ = {
			isa = PBXGroup;
			children = (
				16F701E4274285E100988CAD /* Coordinator.swift */,
				16F701DF274285D200988CAD /* AppCoodinator.swift */,
				16F701EC2742894A00988CAD /* HomeCoordinator.swift */,
				1638BD6027441EBC00638D52 /* GameDetailCoordinator.swift */,
				1638BDAC2746D8BB00638D52 /* GamePlayerCoordinator.swift */,
			);
			path = Coordinator;
			sourceTree = "<group>";
		};
		16F701F127428B2B00988CAD /* ViewModels */ = {
			isa = PBXGroup;
			children = (
				16F701F227428B3F00988CAD /* HomeViewModel.swift */,
				16F7020C2742C43100988CAD /* GameCellViewModel.swift */,
				1638BD6B2744207100638D52 /* GameDetailViewModel.swift */,
				1638BDA72746D7BE00638D52 /* GamePlayerViewModel.swift */,
			);
			path = ViewModels;
			sourceTree = "<group>";
		};
		16F701FA2742924300988CAD /* Utils */ = {
			isa = PBXGroup;
			children = (
				1638BD712744286400638D52 /* CandiScreenTransitioner.swift */,
				16F701FB2742925500988CAD /* UIView+Anchor.swift */,
			);
			path = Utils;
			sourceTree = "<group>";
		};
		16F702032742C3BE00988CAD /* Views */ = {
			isa = PBXGroup;
			children = (
				16F702042742C3E400988CAD /* GameCell.swift */,
				16F702112742D9BA00988CAD /* IconView.swift */,
				16F702162742DC0400988CAD /* ProgressBarButton.swift */,
				1638BD87274672DD00638D52 /* AnimatedCollectionView.swift */,
				1638BDB12746E1BC00638D52 /* PlayerView.swift */,
			);
			name = Views;
			sourceTree = "<group>";
		};
/* End PBXGroup section */

/* Begin PBXNativeTarget section */
		16F701A4274284E100988CAD /* CandiBustApp */ = {
			isa = PBXNativeTarget;
			buildConfigurationList = 16F701D2274284E200988CAD /* Build configuration list for PBXNativeTarget "CandiBustApp" */;
			buildPhases = (
				16F701A1274284E100988CAD /* Sources */,
				16F701A2274284E100988CAD /* Frameworks */,
				16F701A3274284E100988CAD /* Resources */,
			);
			buildRules = (
			);
			dependencies = (
			);
			name = CandiBustApp;
			productName = CandiBustApp;
			productReference = 16F701A5274284E100988CAD /* CandiBustApp.app */;
			productType = "com.apple.product-type.application";
		};
		16F701BD274284E200988CAD /* CandiBustAppTests */ = {
			isa = PBXNativeTarget;
			buildConfigurationList = 16F701D5274284E200988CAD /* Build configuration list for PBXNativeTarget "CandiBustAppTests" */;
			buildPhases = (
				16F701BA274284E200988CAD /* Sources */,
				16F701BB274284E200988CAD /* Frameworks */,
				16F701BC274284E200988CAD /* Resources */,
			);
			buildRules = (
			);
			dependencies = (
				16F701C0274284E200988CAD /* PBXTargetDependency */,
			);
			name = CandiBustAppTests;
			productName = CandiBustAppTests;
			productReference = 16F701BE274284E200988CAD /* CandiBustAppTests.xctest */;
			productType = "com.apple.product-type.bundle.unit-test";
		};
		16F701C8274284E200988CAD /* CandiBustAppUITests */ = {
			isa = PBXNativeTarget;
			buildConfigurationList = 16F701D8274284E200988CAD /* Build configuration list for PBXNativeTarget "CandiBustAppUITests" */;
			buildPhases = (
				16F701C5274284E200988CAD /* Sources */,
				16F701C6274284E200988CAD /* Frameworks */,
				16F701C7274284E200988CAD /* Resources */,
			);
			buildRules = (
			);
			dependencies = (
				16F701CB274284E200988CAD /* PBXTargetDependency */,
			);
			name = CandiBustAppUITests;
			productName = CandiBustAppUITests;
			productReference = 16F701C9274284E200988CAD /* CandiBustAppUITests.xctest */;
			productType = "com.apple.product-type.bundle.ui-testing";
		};
/* End PBXNativeTarget section */

/* Begin PBXProject section */
		16F7019D274284E100988CAD /* Project object */ = {
			isa = PBXProject;
			attributes = {
				LastSwiftUpdateCheck = 1240;
				LastUpgradeCheck = 1240;
				TargetAttributes = {
					16F701A4274284E100988CAD = {
						CreatedOnToolsVersion = 12.4;
					};
					16F701BD274284E200988CAD = {
						CreatedOnToolsVersion = 12.4;
						TestTargetID = 16F701A4274284E100988CAD;
					};
					16F701C8274284E200988CAD = {
						CreatedOnToolsVersion = 12.4;
						TestTargetID = 16F701A4274284E100988CAD;
					};
				};
			};
			buildConfigurationList = 16F701A0274284E100988CAD /* Build configuration list for PBXProject "CandiBustApp" */;
			compatibilityVersion = "Xcode 9.3";
			developmentRegion = en;
			hasScannedForEncodings = 0;
			knownRegions = (
				en,
				Base,
			);
			mainGroup = 16F7019C274284E100988CAD;
			productRefGroup = 16F701A6274284E100988CAD /* Products */;
			projectDirPath = "";
			projectRoot = "";
			targets = (
				16F701A4274284E100988CAD /* CandiBustApp */,
				16F701BD274284E200988CAD /* CandiBustAppTests */,
				16F701C8274284E200988CAD /* CandiBustAppUITests */,
			);
		};
/* End PBXProject section */

/* Begin PBXResourcesBuildPhase section */
		16F701A3274284E100988CAD /* Resources */ = {
			isa = PBXResourcesBuildPhase;
			buildActionMask = 2147483647;
			files = (
				16F701B8274284E200988CAD /* LaunchScreen.storyboard in Resources */,
				16F701B5274284E200988CAD /* Assets.xcassets in Resources */,
				16F701B0274284E100988CAD /* Main.storyboard in Resources */,
			);
			runOnlyForDeploymentPostprocessing = 0;
		};
		16F701BC274284E200988CAD /* Resources */ = {
			isa = PBXResourcesBuildPhase;
			buildActionMask = 2147483647;
			files = (
			);
			runOnlyForDeploymentPostprocessing = 0;
		};
		16F701C7274284E200988CAD /* Resources */ = {
			isa = PBXResourcesBuildPhase;
			buildActionMask = 2147483647;
			files = (
			);
			runOnlyForDeploymentPostprocessing = 0;
		};
/* End PBXResourcesBuildPhase section */

/* Begin PBXSourcesBuildPhase section */
		16F701A1274284E100988CAD /* Sources */ = {
			isa = PBXSourcesBuildPhase;
			buildActionMask = 2147483647;
			files = (
				16F701AD274284E100988CAD /* HomeViewController.swift in Sources */,
				1638BD672744203500638D52 /* GameDetailViewController.swift in Sources */,
				16F702122742D9BA00988CAD /* IconView.swift in Sources */,
				16F701E0274285D200988CAD /* AppCoodinator.swift in Sources */,
				16F701E5274285E100988CAD /* Coordinator.swift in Sources */,
				1638BDAD2746D8BB00638D52 /* GamePlayerCoordinator.swift in Sources */,
				1638BDA82746D7BE00638D52 /* GamePlayerViewModel.swift in Sources */,
				16F701F327428B3F00988CAD /* HomeViewModel.swift in Sources */,
				16F701A9274284E100988CAD /* AppDelegate.swift in Sources */,
				1638BDA32746D76C00638D52 /* GamePlayerViewController.swift in Sources */,
				16F702052742C3E400988CAD /* GameCell.swift in Sources */,
				16F701AB274284E100988CAD /* SceneDelegate.swift in Sources */,
				16F701ED2742894A00988CAD /* HomeCoordinator.swift in Sources */,
				16F701B3274284E100988CAD /* CandiBustApp.xcdatamodeld in Sources */,
				16F7020D2742C43100988CAD /* GameCellViewModel.swift in Sources */,
				1638BD7B2745153400638D52 /* CellAnimationInfo.swift in Sources */,
				1638BD722744286400638D52 /* CandiScreenTransitioner.swift in Sources */,
				16F702172742DC0400988CAD /* ProgressBarButton.swift in Sources */,
				1638BD6C2744207100638D52 /* GameDetailViewModel.swift in Sources */,
				1638BDB22746E1BC00638D52 /* PlayerView.swift in Sources */,
				16F701FC2742925500988CAD /* UIView+Anchor.swift in Sources */,
				1638BD88274672DD00638D52 /* AnimatedCollectionView.swift in Sources */,
				1638BD6127441EBC00638D52 /* GameDetailCoordinator.swift in Sources */,
			);
			runOnlyForDeploymentPostprocessing = 0;
		};
		16F701BA274284E200988CAD /* Sources */ = {
			isa = PBXSourcesBuildPhase;
			buildActionMask = 2147483647;
			files = (
				16F701C3274284E200988CAD /* CandiBustAppTests.swift in Sources */,
			);
			runOnlyForDeploymentPostprocessing = 0;
		};
		16F701C5274284E200988CAD /* Sources */ = {
			isa = PBXSourcesBuildPhase;
			buildActionMask = 2147483647;
			files = (
				16F701CE274284E200988CAD /* CandiBustAppUITests.swift in Sources */,
			);
			runOnlyForDeploymentPostprocessing = 0;
		};
/* End PBXSourcesBuildPhase section */

/* Begin PBXTargetDependency section */
		16F701C0274284E200988CAD /* PBXTargetDependency */ = {
			isa = PBXTargetDependency;
			target = 16F701A4274284E100988CAD /* CandiBustApp */;
			targetProxy = 16F701BF274284E200988CAD /* PBXContainerItemProxy */;
		};
		16F701CB274284E200988CAD /* PBXTargetDependency */ = {
			isa = PBXTargetDependency;
			target = 16F701A4274284E100988CAD /* CandiBustApp */;
			targetProxy = 16F701CA274284E200988CAD /* PBXContainerItemProxy */;
		};
/* End PBXTargetDependency section */

/* Begin PBXVariantGroup section */
		16F701AE274284E100988CAD /* Main.storyboard */ = {
			isa = PBXVariantGroup;
			children = (
				16F701AF274284E100988CAD /* Base */,
			);
			name = Main.storyboard;
			sourceTree = "<group>";
		};
		16F701B6274284E200988CAD /* LaunchScreen.storyboard */ = {
			isa = PBXVariantGroup;
			children = (
				16F701B7274284E200988CAD /* Base */,
			);
			name = LaunchScreen.storyboard;
			sourceTree = "<group>";
		};
/* End PBXVariantGroup section */

/* Begin XCBuildConfiguration section */
		16F701D0274284E200988CAD /* Debug */ = {
			isa = XCBuildConfiguration;
			buildSettings = {
				ALWAYS_SEARCH_USER_PATHS = NO;
				CLANG_ANALYZER_NONNULL = YES;
				CLANG_ANALYZER_NUMBER_OBJECT_CONVERSION = YES_AGGRESSIVE;
				CLANG_CXX_LANGUAGE_STANDARD = "gnu++14";
				CLANG_CXX_LIBRARY = "libc++";
				CLANG_ENABLE_MODULES = YES;
				CLANG_ENABLE_OBJC_ARC = YES;
				CLANG_ENABLE_OBJC_WEAK = YES;
				CLANG_WARN_BLOCK_CAPTURE_AUTORELEASING = YES;
				CLANG_WARN_BOOL_CONVERSION = YES;
				CLANG_WARN_COMMA = YES;
				CLANG_WARN_CONSTANT_CONVERSION = YES;
				CLANG_WARN_DEPRECATED_OBJC_IMPLEMENTATIONS = YES;
				CLANG_WARN_DIRECT_OBJC_ISA_USAGE = YES_ERROR;
				CLANG_WARN_DOCUMENTATION_COMMENTS = YES;
				CLANG_WARN_EMPTY_BODY = YES;
				CLANG_WARN_ENUM_CONVERSION = YES;
				CLANG_WARN_INFINITE_RECURSION = YES;
				CLANG_WARN_INT_CONVERSION = YES;
				CLANG_WARN_NON_LITERAL_NULL_CONVERSION = YES;
				CLANG_WARN_OBJC_IMPLICIT_RETAIN_SELF = YES;
				CLANG_WARN_OBJC_LITERAL_CONVERSION = YES;
				CLANG_WARN_OBJC_ROOT_CLASS = YES_ERROR;
				CLANG_WARN_QUOTED_INCLUDE_IN_FRAMEWORK_HEADER = YES;
				CLANG_WARN_RANGE_LOOP_ANALYSIS = YES;
				CLANG_WARN_STRICT_PROTOTYPES = YES;
				CLANG_WARN_SUSPICIOUS_MOVE = YES;
				CLANG_WARN_UNGUARDED_AVAILABILITY = YES_AGGRESSIVE;
				CLANG_WARN_UNREACHABLE_CODE = YES;
				CLANG_WARN__DUPLICATE_METHOD_MATCH = YES;
				COPY_PHASE_STRIP = NO;
				DEBUG_INFORMATION_FORMAT = dwarf;
				ENABLE_STRICT_OBJC_MSGSEND = YES;
				ENABLE_TESTABILITY = YES;
				GCC_C_LANGUAGE_STANDARD = gnu11;
				GCC_DYNAMIC_NO_PIC = NO;
				GCC_NO_COMMON_BLOCKS = YES;
				GCC_OPTIMIZATION_LEVEL = 0;
				GCC_PREPROCESSOR_DEFINITIONS = (
					"DEBUG=1",
					"$(inherited)",
				);
				GCC_WARN_64_TO_32_BIT_CONVERSION = YES;
				GCC_WARN_ABOUT_RETURN_TYPE = YES_ERROR;
				GCC_WARN_UNDECLARED_SELECTOR = YES;
				GCC_WARN_UNINITIALIZED_AUTOS = YES_AGGRESSIVE;
				GCC_WARN_UNUSED_FUNCTION = YES;
				GCC_WARN_UNUSED_VARIABLE = YES;
				IPHONEOS_DEPLOYMENT_TARGET = 14.4;
				MTL_ENABLE_DEBUG_INFO = INCLUDE_SOURCE;
				MTL_FAST_MATH = YES;
				ONLY_ACTIVE_ARCH = YES;
				SDKROOT = iphoneos;
				SWIFT_ACTIVE_COMPILATION_CONDITIONS = DEBUG;
				SWIFT_OPTIMIZATION_LEVEL = "-Onone";
			};
			name = Debug;
		};
		16F701D1274284E200988CAD /* Release */ = {
			isa = XCBuildConfiguration;
			buildSettings = {
				ALWAYS_SEARCH_USER_PATHS = NO;
				CLANG_ANALYZER_NONNULL = YES;
				CLANG_ANALYZER_NUMBER_OBJECT_CONVERSION = YES_AGGRESSIVE;
				CLANG_CXX_LANGUAGE_STANDARD = "gnu++14";
				CLANG_CXX_LIBRARY = "libc++";
				CLANG_ENABLE_MODULES = YES;
				CLANG_ENABLE_OBJC_ARC = YES;
				CLANG_ENABLE_OBJC_WEAK = YES;
				CLANG_WARN_BLOCK_CAPTURE_AUTORELEASING = YES;
				CLANG_WARN_BOOL_CONVERSION = YES;
				CLANG_WARN_COMMA = YES;
				CLANG_WARN_CONSTANT_CONVERSION = YES;
				CLANG_WARN_DEPRECATED_OBJC_IMPLEMENTATIONS = YES;
				CLANG_WARN_DIRECT_OBJC_ISA_USAGE = YES_ERROR;
				CLANG_WARN_DOCUMENTATION_COMMENTS = YES;
				CLANG_WARN_EMPTY_BODY = YES;
				CLANG_WARN_ENUM_CONVERSION = YES;
				CLANG_WARN_INFINITE_RECURSION = YES;
				CLANG_WARN_INT_CONVERSION = YES;
				CLANG_WARN_NON_LITERAL_NULL_CONVERSION = YES;
				CLANG_WARN_OBJC_IMPLICIT_RETAIN_SELF = YES;
				CLANG_WARN_OBJC_LITERAL_CONVERSION = YES;
				CLANG_WARN_OBJC_ROOT_CLASS = YES_ERROR;
				CLANG_WARN_QUOTED_INCLUDE_IN_FRAMEWORK_HEADER = YES;
				CLANG_WARN_RANGE_LOOP_ANALYSIS = YES;
				CLANG_WARN_STRICT_PROTOTYPES = YES;
				CLANG_WARN_SUSPICIOUS_MOVE = YES;
				CLANG_WARN_UNGUARDED_AVAILABILITY = YES_AGGRESSIVE;
				CLANG_WARN_UNREACHABLE_CODE = YES;
				CLANG_WARN__DUPLICATE_METHOD_MATCH = YES;
				COPY_PHASE_STRIP = NO;
				DEBUG_INFORMATION_FORMAT = "dwarf-with-dsym";
				ENABLE_NS_ASSERTIONS = NO;
				ENABLE_STRICT_OBJC_MSGSEND = YES;
				GCC_C_LANGUAGE_STANDARD = gnu11;
				GCC_NO_COMMON_BLOCKS = YES;
				GCC_WARN_64_TO_32_BIT_CONVERSION = YES;
				GCC_WARN_ABOUT_RETURN_TYPE = YES_ERROR;
				GCC_WARN_UNDECLARED_SELECTOR = YES;
				GCC_WARN_UNINITIALIZED_AUTOS = YES_AGGRESSIVE;
				GCC_WARN_UNUSED_FUNCTION = YES;
				GCC_WARN_UNUSED_VARIABLE = YES;
				IPHONEOS_DEPLOYMENT_TARGET = 14.4;
				MTL_ENABLE_DEBUG_INFO = NO;
				MTL_FAST_MATH = YES;
				SDKROOT = iphoneos;
				SWIFT_COMPILATION_MODE = wholemodule;
				SWIFT_OPTIMIZATION_LEVEL = "-O";
				VALIDATE_PRODUCT = YES;
			};
			name = Release;
		};
		16F701D3274284E200988CAD /* Debug */ = {
			isa = XCBuildConfiguration;
			buildSettings = {
				ASSETCATALOG_COMPILER_APPICON_NAME = AppIcon;
				ASSETCATALOG_COMPILER_GLOBAL_ACCENT_COLOR_NAME = AccentColor;
				CODE_SIGN_STYLE = Automatic;
				INFOPLIST_FILE = CandiBustApp/Info.plist;
				LD_RUNPATH_SEARCH_PATHS = (
					"$(inherited)",
					"@executable_path/Frameworks",
				);
				PRODUCT_BUNDLE_IDENTIFIER = com.gizmogul.CandiBustApp;
				PRODUCT_NAME = "$(TARGET_NAME)";
				SWIFT_VERSION = 5.0;
				TARGETED_DEVICE_FAMILY = "1,2";
			};
			name = Debug;
		};
		16F701D4274284E200988CAD /* Release */ = {
			isa = XCBuildConfiguration;
			buildSettings = {
				ASSETCATALOG_COMPILER_APPICON_NAME = AppIcon;
				ASSETCATALOG_COMPILER_GLOBAL_ACCENT_COLOR_NAME = AccentColor;
				CODE_SIGN_STYLE = Automatic;
				INFOPLIST_FILE = CandiBustApp/Info.plist;
				LD_RUNPATH_SEARCH_PATHS = (
					"$(inherited)",
					"@executable_path/Frameworks",
				);
				PRODUCT_BUNDLE_IDENTIFIER = com.gizmogul.CandiBustApp;
				PRODUCT_NAME = "$(TARGET_NAME)";
				SWIFT_VERSION = 5.0;
				TARGETED_DEVICE_FAMILY = "1,2";
			};
			name = Release;
		};
		16F701D6274284E200988CAD /* Debug */ = {
			isa = XCBuildConfiguration;
			buildSettings = {
				ALWAYS_EMBED_SWIFT_STANDARD_LIBRARIES = YES;
				BUNDLE_LOADER = "$(TEST_HOST)";
				CODE_SIGN_STYLE = Automatic;
				INFOPLIST_FILE = CandiBustAppTests/Info.plist;
				IPHONEOS_DEPLOYMENT_TARGET = 14.4;
				LD_RUNPATH_SEARCH_PATHS = (
					"$(inherited)",
					"@executable_path/Frameworks",
					"@loader_path/Frameworks",
				);
				PRODUCT_BUNDLE_IDENTIFIER = com.gizmogul.CandiBustAppTests;
				PRODUCT_NAME = "$(TARGET_NAME)";
				SWIFT_VERSION = 5.0;
				TARGETED_DEVICE_FAMILY = "1,2";
				TEST_HOST = "$(BUILT_PRODUCTS_DIR)/CandiBustApp.app/CandiBustApp";
			};
			name = Debug;
		};
		16F701D7274284E200988CAD /* Release */ = {
			isa = XCBuildConfiguration;
			buildSettings = {
				ALWAYS_EMBED_SWIFT_STANDARD_LIBRARIES = YES;
				BUNDLE_LOADER = "$(TEST_HOST)";
				CODE_SIGN_STYLE = Automatic;
				INFOPLIST_FILE = CandiBustAppTests/Info.plist;
				IPHONEOS_DEPLOYMENT_TARGET = 14.4;
				LD_RUNPATH_SEARCH_PATHS = (
					"$(inherited)",
					"@executable_path/Frameworks",
					"@loader_path/Frameworks",
				);
				PRODUCT_BUNDLE_IDENTIFIER = com.gizmogul.CandiBustAppTests;
				PRODUCT_NAME = "$(TARGET_NAME)";
				SWIFT_VERSION = 5.0;
				TARGETED_DEVICE_FAMILY = "1,2";
				TEST_HOST = "$(BUILT_PRODUCTS_DIR)/CandiBustApp.app/CandiBustApp";
			};
			name = Release;
		};
		16F701D9274284E200988CAD /* Debug */ = {
			isa = XCBuildConfiguration;
			buildSettings = {
				ALWAYS_EMBED_SWIFT_STANDARD_LIBRARIES = YES;
				CODE_SIGN_STYLE = Automatic;
				INFOPLIST_FILE = CandiBustAppUITests/Info.plist;
				LD_RUNPATH_SEARCH_PATHS = (
					"$(inherited)",
					"@executable_path/Frameworks",
					"@loader_path/Frameworks",
				);
				PRODUCT_BUNDLE_IDENTIFIER = com.gizmogul.CandiBustAppUITests;
				PRODUCT_NAME = "$(TARGET_NAME)";
				SWIFT_VERSION = 5.0;
				TARGETED_DEVICE_FAMILY = "1,2";
				TEST_TARGET_NAME = CandiBustApp;
			};
			name = Debug;
		};
		16F701DA274284E200988CAD /* Release */ = {
			isa = XCBuildConfiguration;
			buildSettings = {
				ALWAYS_EMBED_SWIFT_STANDARD_LIBRARIES = YES;
				CODE_SIGN_STYLE = Automatic;
				INFOPLIST_FILE = CandiBustAppUITests/Info.plist;
				LD_RUNPATH_SEARCH_PATHS = (
					"$(inherited)",
					"@executable_path/Frameworks",
					"@loader_path/Frameworks",
				);
				PRODUCT_BUNDLE_IDENTIFIER = com.gizmogul.CandiBustAppUITests;
				PRODUCT_NAME = "$(TARGET_NAME)";
				SWIFT_VERSION = 5.0;
				TARGETED_DEVICE_FAMILY = "1,2";
				TEST_TARGET_NAME = CandiBustApp;
			};
			name = Release;
		};
/* End XCBuildConfiguration section */

/* Begin XCConfigurationList section */
		16F701A0274284E100988CAD /* Build configuration list for PBXProject "CandiBustApp" */ = {
			isa = XCConfigurationList;
			buildConfigurations = (
				16F701D0274284E200988CAD /* Debug */,
				16F701D1274284E200988CAD /* Release */,
			);
			defaultConfigurationIsVisible = 0;
			defaultConfigurationName = Release;
		};
		16F701D2274284E200988CAD /* Build configuration list for PBXNativeTarget "CandiBustApp" */ = {
			isa = XCConfigurationList;
			buildConfigurations = (
				16F701D3274284E200988CAD /* Debug */,
				16F701D4274284E200988CAD /* Release */,
			);
			defaultConfigurationIsVisible = 0;
			defaultConfigurationName = Release;
		};
		16F701D5274284E200988CAD /* Build configuration list for PBXNativeTarget "CandiBustAppTests" */ = {
			isa = XCConfigurationList;
			buildConfigurations = (
				16F701D6274284E200988CAD /* Debug */,
				16F701D7274284E200988CAD /* Release */,
			);
			defaultConfigurationIsVisible = 0;
			defaultConfigurationName = Release;
		};
		16F701D8274284E200988CAD /* Build configuration list for PBXNativeTarget "CandiBustAppUITests" */ = {
			isa = XCConfigurationList;
			buildConfigurations = (
				16F701D9274284E200988CAD /* Debug */,
				16F701DA274284E200988CAD /* Release */,
			);
			defaultConfigurationIsVisible = 0;
			defaultConfigurationName = Release;
		};
/* End XCConfigurationList section */

/* Begin XCVersionGroup section */
		16F701B1274284E100988CAD /* CandiBustApp.xcdatamodeld */ = {
			isa = XCVersionGroup;
			children = (
				16F701B2274284E100988CAD /* CandiBustApp.xcdatamodel */,
			);
			currentVersion = 16F701B2274284E100988CAD /* CandiBustApp.xcdatamodel */;
			path = CandiBustApp.xcdatamodeld;
			sourceTree = "<group>";
			versionGroupType = wrapper.xcdatamodel;
		};
/* End XCVersionGroup section */
	};
	rootObject = 16F7019D274284E100988CAD /* Project object */;
}
